
Microsoft Visual Studio Solution File, Format Version 12.00
# Visual Studio Version 16
VisualStudioVersion = 16.0.33529.622
MinimumVisualStudioVersion = 10.0.40219.1
Project("{FAE04EC0-301F-11D3-BF4B-00C04F79EFBC}") = "CSci463FireAlarmProjectAlyciaSloanDanWeigum", "CSci463FireAlarmProjectAlyciaSloanDanWeigum.csproj", "{DCDCC337-305D-44F8-B8CA-8BCA1FCBAAF4}"
EndProject
Global
	GlobalSection(SolutionConfigurationPlatforms) = preSolution
		Debug|Any CPU = Debug|Any CPU
		Release|Any CPU = Release|Any CPU
	EndGlobalSection
	GlobalSection(ProjectConfigurationPlatforms) = postSolution
		{DCDCC337-305D-44F8-B8CA-8BCA1FCBAAF4}.Debug|Any CPU.ActiveCfg = Debug|Any CPU
		{DCDCC337-305D-44F8-B8CA-8BCA1FCBAAF4}.Debug|Any CPU.Build.0 = Debug|Any CPU
		{DCDCC337-305D-44F8-B8CA-8BCA1FCBAAF4}.Release|Any CPU.ActiveCfg = Release|Any CPU
		{DCDCC337-305D-44F8-B8CA-8BCA1FCBAAF4}.Release|Any CPU.Build.0 = Release|Any CPU
	EndGlobalSection
	GlobalSection(SolutionProperties) = preSolution
		HideSolutionNode = FALSE
	EndGlobalSection
	GlobalSection(ExtensibilityGlobals) = postSolution
		SolutionGuid = {82FF68FF-6381-4AE0-8480-8F269E884AD9}
	EndGlobalSection
EndGlobal
